
Microsoft Visual Studio Solution File, Format Version 12.00
# Visual Studio 2012
Project("{FAE04EC0-301F-11D3-BF4B-00C04F79EFBC}") = "KavenegarExamplesCsharpMvc", "KavenegarExamplesCsharpMvc\KavenegarExamplesCsharpMvc.csproj", "{0951177D-AE39-4318-9B84-E06C86EC3A26}"
EndProject
Project("{FAE04EC0-301F-11D3-BF4B-00C04F79EFBC}") = "KavenegarExamplesCsharpConsole", "KavenegarExamplesCsharpConsole\KavenegarExamplesCsharpConsole.csproj", "{8F89B004-57E3-4792-9FE7-16CACCCCC143}"
EndProject
Global
	GlobalSection(SolutionConfigurationPlatforms) = preSolution
		Debug|Any CPU = Debug|Any CPU
		Release|Any CPU = Release|Any CPU
	EndGlobalSection
	GlobalSection(ProjectConfigurationPlatforms) = postSolution
		{0951177D-AE39-4318-9B84-E06C86EC3A26}.Debug|Any CPU.ActiveCfg = Debug|Any CPU
		{0951177D-AE39-4318-9B84-E06C86EC3A26}.Debug|Any CPU.Build.0 = Debug|Any CPU
		{0951177D-AE39-4318-9B84-E06C86EC3A26}.Release|Any CPU.ActiveCfg = Release|Any CPU
		{0951177D-AE39-4318-9B84-E06C86EC3A26}.Release|Any CPU.Build.0 = Release|Any CPU
		{8F89B004-57E3-4792-9FE7-16CACCCCC143}.Debug|Any CPU.ActiveCfg = Debug|Any CPU
		{8F89B004-57E3-4792-9FE7-16CACCCCC143}.Debug|Any CPU.Build.0 = Debug|Any CPU
		{8F89B004-57E3-4792-9FE7-16CACCCCC143}.Release|Any CPU.ActiveCfg = Release|Any CPU
		{8F89B004-57E3-4792-9FE7-16CACCCCC143}.Release|Any CPU.Build.0 = Release|Any CPU
	EndGlobalSection
	GlobalSection(SolutionProperties) = preSolution
		HideSolutionNode = FALSE
	EndGlobalSection
EndGlobal
